
Microsoft Visual Studio Solution File, Format Version 12.00
# Visual Studio 2012
Project("{FAE04EC0-301F-11D3-BF4B-00C04F79EFBC}") = "OOCService", "OOCService\OOCService.csproj", "{BA5A6217-8692-4C5C-9152-8BA129B08360}"
EndProject
Project("{FAE04EC0-301F-11D3-BF4B-00C04F79EFBC}") = "OpenMIWrapper", "OpenMIWrapper\OpenMIWrapper.csproj", "{EAD62B60-BF9F-463B-B817-AE55C3655C7C}"
EndProject
Global
	GlobalSection(SolutionConfigurationPlatforms) = preSolution
		Debug|Any CPU = Debug|Any CPU
		Release|Any CPU = Release|Any CPU
	EndGlobalSection
	GlobalSection(ProjectConfigurationPlatforms) = postSolution
		{BA5A6217-8692-4C5C-9152-8BA129B08360}.Debug|Any CPU.ActiveCfg = Debug|Any CPU
		{BA5A6217-8692-4C5C-9152-8BA129B08360}.Debug|Any CPU.Build.0 = Debug|Any CPU
		{BA5A6217-8692-4C5C-9152-8BA129B08360}.Release|Any CPU.ActiveCfg = Release|Any CPU
		{BA5A6217-8692-4C5C-9152-8BA129B08360}.Release|Any CPU.Build.0 = Release|Any CPU
		{EAD62B60-BF9F-463B-B817-AE55C3655C7C}.Debug|Any CPU.ActiveCfg = Debug|Any CPU
		{EAD62B60-BF9F-463B-B817-AE55C3655C7C}.Debug|Any CPU.Build.0 = Debug|Any CPU
		{EAD62B60-BF9F-463B-B817-AE55C3655C7C}.Release|Any CPU.ActiveCfg = Release|Any CPU
		{EAD62B60-BF9F-463B-B817-AE55C3655C7C}.Release|Any CPU.Build.0 = Release|Any CPU
	EndGlobalSection
	GlobalSection(SolutionProperties) = preSolution
		HideSolutionNode = FALSE
	EndGlobalSection
EndGlobal
